
Microsoft Visual Studio Solution File, Format Version 12.00
# Visual Studio Version 16
VisualStudioVersion = 16.0.29123.88
MinimumVisualStudioVersion = 10.0.40219.1
Project("{2150E333-8FDC-42A3-9474-1A3956D46DE8}") = "CH01", "CH01", "{E2516AD9-4D47-4A2B-89D0-4C92FED78E25}"
EndProject
Project("{2150E333-8FDC-42A3-9474-1A3956D46DE8}") = "CH02", "CH02", "{77CBDBE9-9862-4C19-8C59-8794C858C934}"
EndProject
Project("{2150E333-8FDC-42A3-9474-1A3956D46DE8}") = "CH03", "CH03", "{EA82BDF0-F798-45BD-ACFA-61BC023FA0FA}"
EndProject
Project("{2150E333-8FDC-42A3-9474-1A3956D46DE8}") = "CH05", "CH05", "{F8010A88-395E-455F-9361-6942439CE031}"
EndProject
Project("{2150E333-8FDC-42A3-9474-1A3956D46DE8}") = "CH06", "CH06", "{1B1E336C-CA2A-4865-A663-15686DFBC862}"
EndProject
Project("{2150E333-8FDC-42A3-9474-1A3956D46DE8}") = "CH04", "CH04", "{80994B37-F984-42EF-99B3-FE37E8384037}"
EndProject
Project("{2150E333-8FDC-42A3-9474-1A3956D46DE8}") = "CH07", "CH07", "{B6A13D31-12CF-41B2-A809-EBC8D6698861}"
EndProject
Project("{2150E333-8FDC-42A3-9474-1A3956D46DE8}") = "CH08", "CH08", "{0B328C84-35B9-46B8-9FF6-5ED33AB22E71}"
EndProject
Project("{2150E333-8FDC-42A3-9474-1A3956D46DE8}") = "CH09", "CH09", "{FAD1EB70-17DA-4D07-9B73-5BEDBC016AC8}"
EndProject
Project("{2150E333-8FDC-42A3-9474-1A3956D46DE8}") = "CH10", "CH10", "{3290D78D-C493-47AC-9ECA-50F42842F92A}"
EndProject
Project("{2150E333-8FDC-42A3-9474-1A3956D46DE8}") = "CH11", "CH11", "{82B33D47-FA74-45BB-AAFF-08E2B70587B1}"
EndProject
Project("{2150E333-8FDC-42A3-9474-1A3956D46DE8}") = "CH12", "CH12", "{4D2026B0-0DBE-4495-80EB-8407F6E74F57}"
EndProject
Project("{2150E333-8FDC-42A3-9474-1A3956D46DE8}") = "CH13", "CH13", "{9333E8A9-3BCA-4C10-BC2E-B122F8133662}"
EndProject
Project("{2150E333-8FDC-42A3-9474-1A3956D46DE8}") = "CH14", "CH14", "{2A139B06-85C5-4DCF-8A1E-CD1D4AC13BFF}"
EndProject
Project("{2150E333-8FDC-42A3-9474-1A3956D46DE8}") = "CH15", "CH15", "{F1ADA4CF-AC42-46CE-99F5-2249959EDF22}"
EndProject
Project("{2150E333-8FDC-42A3-9474-1A3956D46DE8}") = "Solution Items", "Solution Items", "{2850F8F7-C445-4C7D-B2D6-83D3528EB7BF}"
	ProjectSection(SolutionItems) = preProject
		.editorconfig = .editorconfig
	EndProjectSection
EndProject
Project("{FAE04EC0-301F-11D3-BF4B-00C04F79EFBC}") = "CH07_DependencyInjection", "CH07\CH07_DependencyInjection\CH07_DependencyInjection.csproj", "{395F8C46-35DE-4753-87EA-7804221606F2}"
EndProject
Project("{FAE04EC0-301F-11D3-BF4B-00C04F79EFBC}") = "CH07_DependencyInjection.Tests", "CH07\CH07_DependencyInjection.Tests\CH07_DependencyInjection.Tests.csproj", "{CC70ADC2-24AB-4640-BEF9-BBCD8E0FAA5D}"
EndProject
Project("{FAE04EC0-301F-11D3-BF4B-00C04F79EFBC}") = "CH07_Admin", "CH07\CH07_Admin\CH07_Admin.csproj", "{D94E4B4E-777D-454B-966C-06D71DAD4E91}"
EndProject
Project("{FAE04EC0-301F-11D3-BF4B-00C04F79EFBC}") = "CH07_Test", "CH07\CH07_Test\CH07_Test.csproj", "{C02272DC-D31E-4E2E-BB34-78BB00BEC6AE}"
EndProject
Project("{FAE04EC0-301F-11D3-BF4B-00C04F79EFBC}") = "CH07_Logon", "CH07\CH07_Logon\CH07_Logon.csproj", "{C2E24EDA-6C83-4BF9-B813-5E0AA20C6945}"
EndProject
Global
	GlobalSection(SolutionConfigurationPlatforms) = preSolution
		Debug|Any CPU = Debug|Any CPU
		Release|Any CPU = Release|Any CPU
	EndGlobalSection
	GlobalSection(ProjectConfigurationPlatforms) = postSolution
		{395F8C46-35DE-4753-87EA-7804221606F2}.Debug|Any CPU.ActiveCfg = Debug|Any CPU
		{395F8C46-35DE-4753-87EA-7804221606F2}.Debug|Any CPU.Build.0 = Debug|Any CPU
		{395F8C46-35DE-4753-87EA-7804221606F2}.Release|Any CPU.ActiveCfg = Release|Any CPU
		{395F8C46-35DE-4753-87EA-7804221606F2}.Release|Any CPU.Build.0 = Release|Any CPU
		{CC70ADC2-24AB-4640-BEF9-BBCD8E0FAA5D}.Debug|Any CPU.ActiveCfg = Debug|Any CPU
		{CC70ADC2-24AB-4640-BEF9-BBCD8E0FAA5D}.Debug|Any CPU.Build.0 = Debug|Any CPU
		{CC70ADC2-24AB-4640-BEF9-BBCD8E0FAA5D}.Release|Any CPU.ActiveCfg = Release|Any CPU
		{CC70ADC2-24AB-4640-BEF9-BBCD8E0FAA5D}.Release|Any CPU.Build.0 = Release|Any CPU
		{D94E4B4E-777D-454B-966C-06D71DAD4E91}.Debug|Any CPU.ActiveCfg = Debug|Any CPU
		{D94E4B4E-777D-454B-966C-06D71DAD4E91}.Debug|Any CPU.Build.0 = Debug|Any CPU
		{D94E4B4E-777D-454B-966C-06D71DAD4E91}.Release|Any CPU.ActiveCfg = Release|Any CPU
		{D94E4B4E-777D-454B-966C-06D71DAD4E91}.Release|Any CPU.Build.0 = Release|Any CPU
		{C02272DC-D31E-4E2E-BB34-78BB00BEC6AE}.Debug|Any CPU.ActiveCfg = Debug|Any CPU
		{C02272DC-D31E-4E2E-BB34-78BB00BEC6AE}.Debug|Any CPU.Build.0 = Debug|Any CPU
		{C02272DC-D31E-4E2E-BB34-78BB00BEC6AE}.Release|Any CPU.ActiveCfg = Release|Any CPU
		{C02272DC-D31E-4E2E-BB34-78BB00BEC6AE}.Release|Any CPU.Build.0 = Release|Any CPU
		{C2E24EDA-6C83-4BF9-B813-5E0AA20C6945}.Debug|Any CPU.ActiveCfg = Debug|Any CPU
		{C2E24EDA-6C83-4BF9-B813-5E0AA20C6945}.Debug|Any CPU.Build.0 = Debug|Any CPU
		{C2E24EDA-6C83-4BF9-B813-5E0AA20C6945}.Release|Any CPU.ActiveCfg = Release|Any CPU
		{C2E24EDA-6C83-4BF9-B813-5E0AA20C6945}.Release|Any CPU.Build.0 = Release|Any CPU
	EndGlobalSection
	GlobalSection(SolutionProperties) = preSolution
		HideSolutionNode = FALSE
	EndGlobalSection
	GlobalSection(NestedProjects) = preSolution
		{395F8C46-35DE-4753-87EA-7804221606F2} = {B6A13D31-12CF-41B2-A809-EBC8D6698861}
		{CC70ADC2-24AB-4640-BEF9-BBCD8E0FAA5D} = {B6A13D31-12CF-41B2-A809-EBC8D6698861}
		{D94E4B4E-777D-454B-966C-06D71DAD4E91} = {B6A13D31-12CF-41B2-A809-EBC8D6698861}
		{C02272DC-D31E-4E2E-BB34-78BB00BEC6AE} = {B6A13D31-12CF-41B2-A809-EBC8D6698861}
		{C2E24EDA-6C83-4BF9-B813-5E0AA20C6945} = {B6A13D31-12CF-41B2-A809-EBC8D6698861}
	EndGlobalSection
	GlobalSection(ExtensibilityGlobals) = postSolution
		SolutionGuid = {FC6460B1-7EEE-4407-9D44-0300F859F039}
	EndGlobalSection
EndGlobal
