
Microsoft Visual Studio Solution File, Format Version 12.00
# Visual Studio Version 16
VisualStudioVersion = 16.0.29123.88
MinimumVisualStudioVersion = 10.0.40219.1
Project("{2150E333-8FDC-42A3-9474-1A3956D46DE8}") = "CH01", "CH01", "{E2516AD9-4D47-4A2B-89D0-4C92FED78E25}"
EndProject
Project("{2150E333-8FDC-42A3-9474-1A3956D46DE8}") = "CH02", "CH02", "{77CBDBE9-9862-4C19-8C59-8794C858C934}"
EndProject
Project("{2150E333-8FDC-42A3-9474-1A3956D46DE8}") = "CH03", "CH03", "{EA82BDF0-F798-45BD-ACFA-61BC023FA0FA}"
EndProject
Project("{2150E333-8FDC-42A3-9474-1A3956D46DE8}") = "CH05", "CH05", "{F8010A88-395E-455F-9361-6942439CE031}"
EndProject
Project("{2150E333-8FDC-42A3-9474-1A3956D46DE8}") = "CH06", "CH06", "{1B1E336C-CA2A-4865-A663-15686DFBC862}"
EndProject
Project("{2150E333-8FDC-42A3-9474-1A3956D46DE8}") = "CH04", "CH04", "{80994B37-F984-42EF-99B3-FE37E8384037}"
EndProject
Project("{2150E333-8FDC-42A3-9474-1A3956D46DE8}") = "CH07", "CH07", "{B6A13D31-12CF-41B2-A809-EBC8D6698861}"
EndProject
Project("{2150E333-8FDC-42A3-9474-1A3956D46DE8}") = "CH08", "CH08", "{0B328C84-35B9-46B8-9FF6-5ED33AB22E71}"
EndProject
Project("{2150E333-8FDC-42A3-9474-1A3956D46DE8}") = "CH09", "CH09", "{FAD1EB70-17DA-4D07-9B73-5BEDBC016AC8}"
EndProject
Project("{2150E333-8FDC-42A3-9474-1A3956D46DE8}") = "CH10", "CH10", "{3290D78D-C493-47AC-9ECA-50F42842F92A}"
EndProject
Project("{2150E333-8FDC-42A3-9474-1A3956D46DE8}") = "CH11", "CH11", "{82B33D47-FA74-45BB-AAFF-08E2B70587B1}"
EndProject
Project("{2150E333-8FDC-42A3-9474-1A3956D46DE8}") = "CH12", "CH12", "{4D2026B0-0DBE-4495-80EB-8407F6E74F57}"
EndProject
Project("{2150E333-8FDC-42A3-9474-1A3956D46DE8}") = "CH13", "CH13", "{9333E8A9-3BCA-4C10-BC2E-B122F8133662}"
EndProject
Project("{2150E333-8FDC-42A3-9474-1A3956D46DE8}") = "CH14", "CH14", "{2A139B06-85C5-4DCF-8A1E-CD1D4AC13BFF}"
EndProject
Project("{2150E333-8FDC-42A3-9474-1A3956D46DE8}") = "CH15", "CH15", "{F1ADA4CF-AC42-46CE-99F5-2249959EDF22}"
EndProject
Project("{9A19103F-16F7-4668-BE54-9A1E7A4F7556}") = "CH1", "CH01\CH1.csproj", "{62E91F97-D7AE-437B-B637-4E3075A1C184}"
EndProject
Project("{9A19103F-16F7-4668-BE54-9A1E7A4F7556}") = "CH3", "CH03\CH3.csproj", "{4DB52847-0C8C-4360-A7FA-63380B68E6AD}"
EndProject
Project("{FAE04EC0-301F-11D3-BF4B-00C04F79EFBC}") = "CH4", "CH04\CH4.csproj", "{3E9146EB-644D-4961-A43D-4CFA2FCE3493}"
EndProject
Project("{FAE04EC0-301F-11D3-BF4B-00C04F79EFBC}") = "CH05_AvoidNullPointerExceptions", "CH05\CH05_AvoidNullPointerExceptions\CH05_AvoidNullPointerExceptions.csproj", "{14891FDE-F845-4271-A0ED-E17D53C04985}"
EndProject
Project("{FAE04EC0-301F-11D3-BF4B-00C04F79EFBC}") = "CH05_BusinessRuleExceptions", "CH05\CH05_BusinessRuleExceptions\CH05_BusinessRuleExceptions.csproj", "{6C96FA84-F345-4074-B414-EFF0F5C01143}"
EndProject
Project("{FAE04EC0-301F-11D3-BF4B-00C04F79EFBC}") = "CH05_CustomExceptions", "CH05\CH05_CustomExceptions\CH05_CustomExceptions.csproj", "{8871CC42-5A95-49B0-9EE0-6B06B48095A8}"
EndProject
Project("{FAE04EC0-301F-11D3-BF4B-00C04F79EFBC}") = "CH05_ExceptionHandling", "CH05\CH05_ExceptionHandling\CH05_ExceptionHandling.csproj", "{87D18977-11AE-45E0-BF9E-2C6FD54E7AC8}"
EndProject
Global
	GlobalSection(SolutionConfigurationPlatforms) = preSolution
		Debug|Any CPU = Debug|Any CPU
		Release|Any CPU = Release|Any CPU
	EndGlobalSection
	GlobalSection(ProjectConfigurationPlatforms) = postSolution
		{62E91F97-D7AE-437B-B637-4E3075A1C184}.Debug|Any CPU.ActiveCfg = Debug|Any CPU
		{62E91F97-D7AE-437B-B637-4E3075A1C184}.Debug|Any CPU.Build.0 = Debug|Any CPU
		{62E91F97-D7AE-437B-B637-4E3075A1C184}.Release|Any CPU.ActiveCfg = Release|Any CPU
		{62E91F97-D7AE-437B-B637-4E3075A1C184}.Release|Any CPU.Build.0 = Release|Any CPU
		{4DB52847-0C8C-4360-A7FA-63380B68E6AD}.Debug|Any CPU.ActiveCfg = Debug|Any CPU
		{4DB52847-0C8C-4360-A7FA-63380B68E6AD}.Debug|Any CPU.Build.0 = Debug|Any CPU
		{4DB52847-0C8C-4360-A7FA-63380B68E6AD}.Release|Any CPU.ActiveCfg = Release|Any CPU
		{4DB52847-0C8C-4360-A7FA-63380B68E6AD}.Release|Any CPU.Build.0 = Release|Any CPU
		{3E9146EB-644D-4961-A43D-4CFA2FCE3493}.Debug|Any CPU.ActiveCfg = Debug|Any CPU
		{3E9146EB-644D-4961-A43D-4CFA2FCE3493}.Debug|Any CPU.Build.0 = Debug|Any CPU
		{3E9146EB-644D-4961-A43D-4CFA2FCE3493}.Release|Any CPU.ActiveCfg = Release|Any CPU
		{3E9146EB-644D-4961-A43D-4CFA2FCE3493}.Release|Any CPU.Build.0 = Release|Any CPU
		{14891FDE-F845-4271-A0ED-E17D53C04985}.Debug|Any CPU.ActiveCfg = Debug|Any CPU
		{14891FDE-F845-4271-A0ED-E17D53C04985}.Debug|Any CPU.Build.0 = Debug|Any CPU
		{14891FDE-F845-4271-A0ED-E17D53C04985}.Release|Any CPU.ActiveCfg = Release|Any CPU
		{14891FDE-F845-4271-A0ED-E17D53C04985}.Release|Any CPU.Build.0 = Release|Any CPU
		{6C96FA84-F345-4074-B414-EFF0F5C01143}.Debug|Any CPU.ActiveCfg = Debug|Any CPU
		{6C96FA84-F345-4074-B414-EFF0F5C01143}.Debug|Any CPU.Build.0 = Debug|Any CPU
		{6C96FA84-F345-4074-B414-EFF0F5C01143}.Release|Any CPU.ActiveCfg = Release|Any CPU
		{6C96FA84-F345-4074-B414-EFF0F5C01143}.Release|Any CPU.Build.0 = Release|Any CPU
		{8871CC42-5A95-49B0-9EE0-6B06B48095A8}.Debug|Any CPU.ActiveCfg = Debug|Any CPU
		{8871CC42-5A95-49B0-9EE0-6B06B48095A8}.Debug|Any CPU.Build.0 = Debug|Any CPU
		{8871CC42-5A95-49B0-9EE0-6B06B48095A8}.Release|Any CPU.ActiveCfg = Release|Any CPU
		{8871CC42-5A95-49B0-9EE0-6B06B48095A8}.Release|Any CPU.Build.0 = Release|Any CPU
		{87D18977-11AE-45E0-BF9E-2C6FD54E7AC8}.Debug|Any CPU.ActiveCfg = Debug|Any CPU
		{87D18977-11AE-45E0-BF9E-2C6FD54E7AC8}.Debug|Any CPU.Build.0 = Debug|Any CPU
		{87D18977-11AE-45E0-BF9E-2C6FD54E7AC8}.Release|Any CPU.ActiveCfg = Release|Any CPU
		{87D18977-11AE-45E0-BF9E-2C6FD54E7AC8}.Release|Any CPU.Build.0 = Release|Any CPU
	EndGlobalSection
	GlobalSection(SolutionProperties) = preSolution
		HideSolutionNode = FALSE
	EndGlobalSection
	GlobalSection(NestedProjects) = preSolution
		{62E91F97-D7AE-437B-B637-4E3075A1C184} = {E2516AD9-4D47-4A2B-89D0-4C92FED78E25}
		{4DB52847-0C8C-4360-A7FA-63380B68E6AD} = {EA82BDF0-F798-45BD-ACFA-61BC023FA0FA}
		{3E9146EB-644D-4961-A43D-4CFA2FCE3493} = {80994B37-F984-42EF-99B3-FE37E8384037}
		{14891FDE-F845-4271-A0ED-E17D53C04985} = {F8010A88-395E-455F-9361-6942439CE031}
		{6C96FA84-F345-4074-B414-EFF0F5C01143} = {F8010A88-395E-455F-9361-6942439CE031}
		{8871CC42-5A95-49B0-9EE0-6B06B48095A8} = {F8010A88-395E-455F-9361-6942439CE031}
		{87D18977-11AE-45E0-BF9E-2C6FD54E7AC8} = {F8010A88-395E-455F-9361-6942439CE031}
	EndGlobalSection
	GlobalSection(ExtensibilityGlobals) = postSolution
		SolutionGuid = {FC6460B1-7EEE-4407-9D44-0300F859F039}
	EndGlobalSection
EndGlobal
